// !$*UTF8*$!
{
	archiveVersion = 1;
	classes = {
	};
	objectVersion = 55;
	objects = {

/* Begin PBXBuildFile section */
		DB6D07E5272BAA8B000BE3DE /* AppDelegate.swift in Sources */ = {isa = PBXBuildFile; fileRef = DB6D07E4272BAA8B000BE3DE /* AppDelegate.swift */; };
		DB6D07E7272BAA8B000BE3DE /* SceneDelegate.swift in Sources */ = {isa = PBXBuildFile; fileRef = DB6D07E6272BAA8B000BE3DE /* SceneDelegate.swift */; };
		DB6D07E9272BAA8B000BE3DE /* ViewController.swift in Sources */ = {isa = PBXBuildFile; fileRef = DB6D07E8272BAA8B000BE3DE /* ViewController.swift */; };
		DB6D07EC272BAA8B000BE3DE /* Main.storyboard in Resources */ = {isa = PBXBuildFile; fileRef = DB6D07EA272BAA8B000BE3DE /* Main.storyboard */; };
		DB6D07EE272BAA8D000BE3DE /* Assets.xcassets in Resources */ = {isa = PBXBuildFile; fileRef = DB6D07ED272BAA8D000BE3DE /* Assets.xcassets */; };
		DB6D07F1272BAA8D000BE3DE /* LaunchScreen.storyboard in Resources */ = {isa = PBXBuildFile; fileRef = DB6D07EF272BAA8D000BE3DE /* LaunchScreen.storyboard */; };
		DB6D08A9272BB9B4000BE3DE /* PhoneNumberKit in Frameworks */ = {isa = PBXBuildFile; productRef = DB6D08A8272BB9B4000BE3DE /* PhoneNumberKit */; };
		DB6D08AC272BCBDD000BE3DE /* IQKeyboardManagerSwift in Frameworks */ = {isa = PBXBuildFile; productRef = DB6D08AB272BCBDD000BE3DE /* IQKeyboardManagerSwift */; };
		DB6D08AE272BD326000BE3DE /* GradientView.swift in Sources */ = {isa = PBXBuildFile; fileRef = DB6D08AD272BD326000BE3DE /* GradientView.swift */; };
/* End PBXBuildFile section */

/* Begin PBXFileReference section */
		DB6D07E1272BAA8B000BE3DE /* spark.app */ = {isa = PBXFileReference; explicitFileType = wrapper.application; includeInIndex = 0; path = spark.app; sourceTree = BUILT_PRODUCTS_DIR; };
		DB6D07E4272BAA8B000BE3DE /* AppDelegate.swift */ = {isa = PBXFileReference; lastKnownFileType = sourcecode.swift; path = AppDelegate.swift; sourceTree = "<group>"; };
		DB6D07E6272BAA8B000BE3DE /* SceneDelegate.swift */ = {isa = PBXFileReference; lastKnownFileType = sourcecode.swift; path = SceneDelegate.swift; sourceTree = "<group>"; };
		DB6D07E8272BAA8B000BE3DE /* ViewController.swift */ = {isa = PBXFileReference; lastKnownFileType = sourcecode.swift; path = ViewController.swift; sourceTree = "<group>"; };
		DB6D07EB272BAA8B000BE3DE /* Base */ = {isa = PBXFileReference; lastKnownFileType = file.storyboard; name = Base; path = Base.lproj/Main.storyboard; sourceTree = "<group>"; };
		DB6D07ED272BAA8D000BE3DE /* Assets.xcassets */ = {isa = PBXFileReference; lastKnownFileType = folder.assetcatalog; path = Assets.xcassets; sourceTree = "<group>"; };
		DB6D07F0272BAA8D000BE3DE /* Base */ = {isa = PBXFileReference; lastKnownFileType = file.storyboard; name = Base; path = Base.lproj/LaunchScreen.storyboard; sourceTree = "<group>"; };
		DB6D07F2272BAA8D000BE3DE /* Info.plist */ = {isa = PBXFileReference; lastKnownFileType = text.plist.xml; path = Info.plist; sourceTree = "<group>"; };
		DB6D08AD272BD326000BE3DE /* GradientView.swift */ = {isa = PBXFileReference; lastKnownFileType = sourcecode.swift; path = GradientView.swift; sourceTree = "<group>"; };
/* End PBXFileReference section */

/* Begin PBXFrameworksBuildPhase section */
		DB6D07DE272BAA8B000BE3DE /* Frameworks */ = {
			isa = PBXFrameworksBuildPhase;
			buildActionMask = 2147483647;
			files = (
				DB6D08A9272BB9B4000BE3DE /* PhoneNumberKit in Frameworks */,
				DB6D08AC272BCBDD000BE3DE /* IQKeyboardManagerSwift in Frameworks */,
			);
			runOnlyForDeploymentPostprocessing = 0;
		};
/* End PBXFrameworksBuildPhase section */

/* Begin PBXGroup section */
		DB6D07D8272BAA8B000BE3DE = {
			isa = PBXGroup;
			children = (
				DB6D07E3272BAA8B000BE3DE /* spark */,
				DB6D07E2272BAA8B000BE3DE /* Products */,
			);
			sourceTree = "<group>";
		};
		DB6D07E2272BAA8B000BE3DE /* Products */ = {
			isa = PBXGroup;
			children = (
				DB6D07E1272BAA8B000BE3DE /* spark.app */,
			);
			name = Products;
			sourceTree = "<group>";
		};
		DB6D07E3272BAA8B000BE3DE /* spark */ = {
			isa = PBXGroup;
			children = (
				DB6D07E4272BAA8B000BE3DE /* AppDelegate.swift */,
				DB6D07E6272BAA8B000BE3DE /* SceneDelegate.swift */,
				DB6D07E8272BAA8B000BE3DE /* ViewController.swift */,
				DB6D08AD272BD326000BE3DE /* GradientView.swift */,
				DB6D07EA272BAA8B000BE3DE /* Main.storyboard */,
				DB6D07ED272BAA8D000BE3DE /* Assets.xcassets */,
				DB6D07EF272BAA8D000BE3DE /* LaunchScreen.storyboard */,
				DB6D07F2272BAA8D000BE3DE /* Info.plist */,
			);
			path = spark;
			sourceTree = "<group>";
		};
/* End PBXGroup section */

/* Begin PBXNativeTarget section */
		DB6D07E0272BAA8B000BE3DE /* spark */ = {
			isa = PBXNativeTarget;
			buildConfigurationList = DB6D07F5272BAA8D000BE3DE /* Build configuration list for PBXNativeTarget "spark" */;
			buildPhases = (
				DB6D07DD272BAA8B000BE3DE /* Sources */,
				DB6D07DE272BAA8B000BE3DE /* Frameworks */,
				DB6D07DF272BAA8B000BE3DE /* Resources */,
			);
			buildRules = (
			);
			dependencies = (
			);
			name = spark;
			packageProductDependencies = (
				DB6D08A8272BB9B4000BE3DE /* PhoneNumberKit */,
				DB6D08AB272BCBDD000BE3DE /* IQKeyboardManagerSwift */,
			);
			productName = spark;
			productReference = DB6D07E1272BAA8B000BE3DE /* spark.app */;
			productType = "com.apple.product-type.application";
		};
/* End PBXNativeTarget section */

/* Begin PBXProject section */
		DB6D07D9272BAA8B000BE3DE /* Project object */ = {
			isa = PBXProject;
			attributes = {
				BuildIndependentTargetsInParallel = 1;
				LastSwiftUpdateCheck = 1300;
				LastUpgradeCheck = 1300;
				TargetAttributes = {
					DB6D07E0272BAA8B000BE3DE = {
						CreatedOnToolsVersion = 13.0;
					};
				};
			};
			buildConfigurationList = DB6D07DC272BAA8B000BE3DE /* Build configuration list for PBXProject "spark" */;
			compatibilityVersion = "Xcode 13.0";
			developmentRegion = en;
			hasScannedForEncodings = 0;
			knownRegions = (
				en,
				Base,
			);
			mainGroup = DB6D07D8272BAA8B000BE3DE;
			packageReferences = (
				DB6D08A7272BB9B4000BE3DE /* XCRemoteSwiftPackageReference "PhoneNumberKit" */,
				DB6D08AA272BCBDD000BE3DE /* XCRemoteSwiftPackageReference "IQKeyboardManager" */,
			);
			productRefGroup = DB6D07E2272BAA8B000BE3DE /* Products */;
			projectDirPath = "";
			projectRoot = "";
			targets = (
				DB6D07E0272BAA8B000BE3DE /* spark */,
			);
		};
/* End PBXProject section */

/* Begin PBXResourcesBuildPhase section */
		DB6D07DF272BAA8B000BE3DE /* Resources */ = {
			isa = PBXResourcesBuildPhase;
			buildActionMask = 2147483647;
			files = (
				DB6D07F1272BAA8D000BE3DE /* LaunchScreen.storyboard in Resources */,
				DB6D07EE272BAA8D000BE3DE /* Assets.xcassets in Resources */,
				DB6D07EC272BAA8B000BE3DE /* Main.storyboard in Resources */,
			);
			runOnlyForDeploymentPostprocessing = 0;
		};
/* End PBXResourcesBuildPhase section */

/* Begin PBXSourcesBuildPhase section */
		DB6D07DD272BAA8B000BE3DE /* Sources */ = {
			isa = PBXSourcesBuildPhase;
			buildActionMask = 2147483647;
			files = (
				DB6D07E9272BAA8B000BE3DE /* ViewController.swift in Sources */,
				DB6D07E5272BAA8B000BE3DE /* AppDelegate.swift in Sources */,
				DB6D08AE272BD326000BE3DE /* GradientView.swift in Sources */,
				DB6D07E7272BAA8B000BE3DE /* SceneDelegate.swift in Sources */,
			);
			runOnlyForDeploymentPostprocessing = 0;
		};
/* End PBXSourcesBuildPhase section */

/* Begin PBXVariantGroup section */
		DB6D07EA272BAA8B000BE3DE /* Main.storyboard */ = {
			isa = PBXVariantGroup;
			children = (
				DB6D07EB272BAA8B000BE3DE /* Base */,
			);
			name = Main.storyboard;
			sourceTree = "<group>";
		};
		DB6D07EF272BAA8D000BE3DE /* LaunchScreen.storyboard */ = {
			isa = PBXVariantGroup;
			children = (
				DB6D07F0272BAA8D000BE3DE /* Base */,
			);
			name = LaunchScreen.storyboard;
			sourceTree = "<group>";
		};
/* End PBXVariantGroup section */

/* Begin XCBuildConfiguration section */
		DB6D07F3272BAA8D000BE3DE /* Debug */ = {
			isa = XCBuildConfiguration;
			buildSettings = {
				ALWAYS_SEARCH_USER_PATHS = NO;
				CLANG_ANALYZER_NONNULL = YES;
				CLANG_ANALYZER_NUMBER_OBJECT_CONVERSION = YES_AGGRESSIVE;
				CLANG_CXX_LANGUAGE_STANDARD = "gnu++17";
				CLANG_CXX_LIBRARY = "libc++";
				CLANG_ENABLE_MODULES = YES;
				CLANG_ENABLE_OBJC_ARC = YES;
				CLANG_ENABLE_OBJC_WEAK = YES;
				CLANG_WARN_BLOCK_CAPTURE_AUTORELEASING = YES;
				CLANG_WARN_BOOL_CONVERSION = YES;
				CLANG_WARN_COMMA = YES;
				CLANG_WARN_CONSTANT_CONVERSION = YES;
				CLANG_WARN_DEPRECATED_OBJC_IMPLEMENTATIONS = YES;
				CLANG_WARN_DIRECT_OBJC_ISA_USAGE = YES_ERROR;
				CLANG_WARN_DOCUMENTATION_COMMENTS = YES;
				CLANG_WARN_EMPTY_BODY = YES;
				CLANG_WARN_ENUM_CONVERSION = YES;
				CLANG_WARN_INFINITE_RECURSION = YES;
				CLANG_WARN_INT_CONVERSION = YES;
				CLANG_WARN_NON_LITERAL_NULL_CONVERSION = YES;
				CLANG_WARN_OBJC_IMPLICIT_RETAIN_SELF = YES;
				CLANG_WARN_OBJC_LITERAL_CONVERSION = YES;
				CLANG_WARN_OBJC_ROOT_CLASS = YES_ERROR;
				CLANG_WARN_QUOTED_INCLUDE_IN_FRAMEWORK_HEADER = YES;
				CLANG_WARN_RANGE_LOOP_ANALYSIS = YES;
				CLANG_WARN_STRICT_PROTOTYPES = YES;
				CLANG_WARN_SUSPICIOUS_MOVE = YES;
				CLANG_WARN_UNGUARDED_AVAILABILITY = YES_AGGRESSIVE;
				CLANG_WARN_UNREACHABLE_CODE = YES;
				CLANG_WARN__DUPLICATE_METHOD_MATCH = YES;
				COPY_PHASE_STRIP = NO;
				DEBUG_INFORMATION_FORMAT = dwarf;
				ENABLE_STRICT_OBJC_MSGSEND = YES;
				ENABLE_TESTABILITY = YES;
				GCC_C_LANGUAGE_STANDARD = gnu11;
				GCC_DYNAMIC_NO_PIC = NO;
				GCC_NO_COMMON_BLOCKS = YES;
				GCC_OPTIMIZATION_LEVEL = 0;
				GCC_PREPROCESSOR_DEFINITIONS = (
					"DEBUG=1",
					"$(inherited)",
				);
				GCC_WARN_64_TO_32_BIT_CONVERSION = YES;
				GCC_WARN_ABOUT_RETURN_TYPE = YES_ERROR;
				GCC_WARN_UNDECLARED_SELECTOR = YES;
				GCC_WARN_UNINITIALIZED_AUTOS = YES_AGGRESSIVE;
				GCC_WARN_UNUSED_FUNCTION = YES;
				GCC_WARN_UNUSED_VARIABLE = YES;
				IPHONEOS_DEPLOYMENT_TARGET = 15.0;
				MTL_ENABLE_DEBUG_INFO = INCLUDE_SOURCE;
				MTL_FAST_MATH = YES;
				ONLY_ACTIVE_ARCH = YES;
				SDKROOT = iphoneos;
				SWIFT_ACTIVE_COMPILATION_CONDITIONS = DEBUG;
				SWIFT_OPTIMIZATION_LEVEL = "-Onone";
			};
			name = Debug;
		};
		DB6D07F4272BAA8D000BE3DE /* Release */ = {
			isa = XCBuildConfiguration;
			buildSettings = {
				ALWAYS_SEARCH_USER_PATHS = NO;
				CLANG_ANALYZER_NONNULL = YES;
				CLANG_ANALYZER_NUMBER_OBJECT_CONVERSION = YES_AGGRESSIVE;
				CLANG_CXX_LANGUAGE_STANDARD = "gnu++17";
				CLANG_CXX_LIBRARY = "libc++";
				CLANG_ENABLE_MODULES = YES;
				CLANG_ENABLE_OBJC_ARC = YES;
				CLANG_ENABLE_OBJC_WEAK = YES;
				CLANG_WARN_BLOCK_CAPTURE_AUTORELEASING = YES;
				CLANG_WARN_BOOL_CONVERSION = YES;
				CLANG_WARN_COMMA = YES;
				CLANG_WARN_CONSTANT_CONVERSION = YES;
				CLANG_WARN_DEPRECATED_OBJC_IMPLEMENTATIONS = YES;
				CLANG_WARN_DIRECT_OBJC_ISA_USAGE = YES_ERROR;
				CLANG_WARN_DOCUMENTATION_COMMENTS = YES;
				CLANG_WARN_EMPTY_BODY = YES;
				CLANG_WARN_ENUM_CONVERSION = YES;
				CLANG_WARN_INFINITE_RECURSION = YES;
				CLANG_WARN_INT_CONVERSION = YES;
				CLANG_WARN_NON_LITERAL_NULL_CONVERSION = YES;
				CLANG_WARN_OBJC_IMPLICIT_RETAIN_SELF = YES;
				CLANG_WARN_OBJC_LITERAL_CONVERSION = YES;
				CLANG_WARN_OBJC_ROOT_CLASS = YES_ERROR;
				CLANG_WARN_QUOTED_INCLUDE_IN_FRAMEWORK_HEADER = YES;
				CLANG_WARN_RANGE_LOOP_ANALYSIS = YES;
				CLANG_WARN_STRICT_PROTOTYPES = YES;
				CLANG_WARN_SUSPICIOUS_MOVE = YES;
				CLANG_WARN_UNGUARDED_AVAILABILITY = YES_AGGRESSIVE;
				CLANG_WARN_UNREACHABLE_CODE = YES;
				CLANG_WARN__DUPLICATE_METHOD_MATCH = YES;
				COPY_PHASE_STRIP = NO;
				DEBUG_INFORMATION_FORMAT = "dwarf-with-dsym";
				ENABLE_NS_ASSERTIONS = NO;
				ENABLE_STRICT_OBJC_MSGSEND = YES;
				GCC_C_LANGUAGE_STANDARD = gnu11;
				GCC_NO_COMMON_BLOCKS = YES;
				GCC_WARN_64_TO_32_BIT_CONVERSION = YES;
				GCC_WARN_ABOUT_RETURN_TYPE = YES_ERROR;
				GCC_WARN_UNDECLARED_SELECTOR = YES;
				GCC_WARN_UNINITIALIZED_AUTOS = YES_AGGRESSIVE;
				GCC_WARN_UNUSED_FUNCTION = YES;
				GCC_WARN_UNUSED_VARIABLE = YES;
				IPHONEOS_DEPLOYMENT_TARGET = 15.0;
				MTL_ENABLE_DEBUG_INFO = NO;
				MTL_FAST_MATH = YES;
				SDKROOT = iphoneos;
				SWIFT_COMPILATION_MODE = wholemodule;
				SWIFT_OPTIMIZATION_LEVEL = "-O";
				VALIDATE_PRODUCT = YES;
			};
			name = Release;
		};
		DB6D07F6272BAA8D000BE3DE /* Debug */ = {
			isa = XCBuildConfiguration;
			buildSettings = {
				ASSETCATALOG_COMPILER_APPICON_NAME = AppIcon;
				ASSETCATALOG_COMPILER_GLOBAL_ACCENT_COLOR_NAME = AccentColor;
				CODE_SIGN_STYLE = Automatic;
				CURRENT_PROJECT_VERSION = 1;
				DEVELOPMENT_TEAM = 6QYT6GJB4Z;
				GENERATE_INFOPLIST_FILE = YES;
				INFOPLIST_FILE = spark/Info.plist;
				INFOPLIST_KEY_UIApplicationSupportsIndirectInputEvents = YES;
				INFOPLIST_KEY_UILaunchStoryboardName = LaunchScreen;
				INFOPLIST_KEY_UIMainStoryboardFile = Main;
				INFOPLIST_KEY_UISupportedInterfaceOrientations_iPad = "UIInterfaceOrientationPortrait UIInterfaceOrientationPortraitUpsideDown UIInterfaceOrientationLandscapeLeft UIInterfaceOrientationLandscapeRight";
				INFOPLIST_KEY_UISupportedInterfaceOrientations_iPhone = "UIInterfaceOrientationPortrait UIInterfaceOrientationLandscapeLeft UIInterfaceOrientationLandscapeRight";
				LD_RUNPATH_SEARCH_PATHS = (
					"$(inherited)",
					"@executable_path/Frameworks",
				);
				MARKETING_VERSION = 1.0;
				PRODUCT_BUNDLE_IDENTIFIER = com.ficruty.spark;
				PRODUCT_NAME = "$(TARGET_NAME)";
				SWIFT_EMIT_LOC_STRINGS = YES;
				SWIFT_VERSION = 5.0;
				TARGETED_DEVICE_FAMILY = "1,2";
			};
			name = Debug;
		};
		DB6D07F7272BAA8D000BE3DE /* Release */ = {
			isa = XCBuildConfiguration;
			buildSettings = {
				ASSETCATALOG_COMPILER_APPICON_NAME = AppIcon;
				ASSETCATALOG_COMPILER_GLOBAL_ACCENT_COLOR_NAME = AccentColor;
				CODE_SIGN_STYLE = Automatic;
				CURRENT_PROJECT_VERSION = 1;
				DEVELOPMENT_TEAM = 6QYT6GJB4Z;
				GENERATE_INFOPLIST_FILE = YES;
				INFOPLIST_FILE = spark/Info.plist;
				INFOPLIST_KEY_UIApplicationSupportsIndirectInputEvents = YES;
				INFOPLIST_KEY_UILaunchStoryboardName = LaunchScreen;
				INFOPLIST_KEY_UIMainStoryboardFile = Main;
				INFOPLIST_KEY_UISupportedInterfaceOrientations_iPad = "UIInterfaceOrientationPortrait UIInterfaceOrientationPortraitUpsideDown UIInterfaceOrientationLandscapeLeft UIInterfaceOrientationLandscapeRight";
				INFOPLIST_KEY_UISupportedInterfaceOrientations_iPhone = "UIInterfaceOrientationPortrait UIInterfaceOrientationLandscapeLeft UIInterfaceOrientationLandscapeRight";
				LD_RUNPATH_SEARCH_PATHS = (
					"$(inherited)",
					"@executable_path/Frameworks",
				);
				MARKETING_VERSION = 1.0;
				PRODUCT_BUNDLE_IDENTIFIER = com.ficruty.spark;
				PRODUCT_NAME = "$(TARGET_NAME)";
				SWIFT_EMIT_LOC_STRINGS = YES;
				SWIFT_VERSION = 5.0;
				TARGETED_DEVICE_FAMILY = "1,2";
			};
			name = Release;
		};
/* End XCBuildConfiguration section */

/* Begin XCConfigurationList section */
		DB6D07DC272BAA8B000BE3DE /* Build configuration list for PBXProject "spark" */ = {
			isa = XCConfigurationList;
			buildConfigurations = (
				DB6D07F3272BAA8D000BE3DE /* Debug */,
				DB6D07F4272BAA8D000BE3DE /* Release */,
			);
			defaultConfigurationIsVisible = 0;
			defaultConfigurationName = Release;
		};
		DB6D07F5272BAA8D000BE3DE /* Build configuration list for PBXNativeTarget "spark" */ = {
			isa = XCConfigurationList;
			buildConfigurations = (
				DB6D07F6272BAA8D000BE3DE /* Debug */,
				DB6D07F7272BAA8D000BE3DE /* Release */,
			);
			defaultConfigurationIsVisible = 0;
			defaultConfigurationName = Release;
		};
/* End XCConfigurationList section */

/* Begin XCRemoteSwiftPackageReference section */
		DB6D08A7272BB9B4000BE3DE /* XCRemoteSwiftPackageReference "PhoneNumberKit" */ = {
			isa = XCRemoteSwiftPackageReference;
			repositoryURL = "https://github.com/marmelroy/PhoneNumberKit";
			requirement = {
				kind = upToNextMajorVersion;
				minimumVersion = 3.0.0;
			};
		};
		DB6D08AA272BCBDD000BE3DE /* XCRemoteSwiftPackageReference "IQKeyboardManager" */ = {
			isa = XCRemoteSwiftPackageReference;
			repositoryURL = "https://github.com/hackiftekhar/IQKeyboardManager.git";
			requirement = {
				kind = upToNextMajorVersion;
				minimumVersion = 6.0.0;
			};
		};
/* End XCRemoteSwiftPackageReference section */

/* Begin XCSwiftPackageProductDependency section */
		DB6D08A8272BB9B4000BE3DE /* PhoneNumberKit */ = {
			isa = XCSwiftPackageProductDependency;
			package = DB6D08A7272BB9B4000BE3DE /* XCRemoteSwiftPackageReference "PhoneNumberKit" */;
			productName = PhoneNumberKit;
		};
		DB6D08AB272BCBDD000BE3DE /* IQKeyboardManagerSwift */ = {
			isa = XCSwiftPackageProductDependency;
			package = DB6D08AA272BCBDD000BE3DE /* XCRemoteSwiftPackageReference "IQKeyboardManager" */;
			productName = IQKeyboardManagerSwift;
		};
/* End XCSwiftPackageProductDependency section */
	};
	rootObject = DB6D07D9272BAA8B000BE3DE /* Project object */;
}
